// !$*UTF8*$!
{
	archiveVersion = 1;
	classes = {
	};
	objectVersion = 56;
	objects = {

/* Begin PBXBuildFile section */
		84E5F2E52BBA8EAC00C859F8 /* AppDelegate.swift in Sources */ = {isa = PBXBuildFile; fileRef = 84E5F2E42BBA8EAC00C859F8 /* AppDelegate.swift */; };
		84E5F2E92BBA8EAC00C859F8 /* ViewController.swift in Sources */ = {isa = PBXBuildFile; fileRef = 84E5F2E82BBA8EAC00C859F8 /* ViewController.swift */; };
		84E5F2EE2BBA8EAD00C859F8 /* Assets.xcassets in Resources */ = {isa = PBXBuildFile; fileRef = 84E5F2ED2BBA8EAD00C859F8 /* Assets.xcassets */; };
		84E5F2F12BBA8EAD00C859F8 /* LaunchScreen.storyboard in Resources */ = {isa = PBXBuildFile; fileRef = 84E5F2EF2BBA8EAD00C859F8 /* LaunchScreen.storyboard */; };
		84E5F2FC2BBA8EAD00C859F8 /* DemoTests.swift in Sources */ = {isa = PBXBuildFile; fileRef = 84E5F2FB2BBA8EAD00C859F8 /* DemoTests.swift */; };
		84E5F3062BBA8EAD00C859F8 /* DemoUITests.swift in Sources */ = {isa = PBXBuildFile; fileRef = 84E5F3052BBA8EAD00C859F8 /* DemoUITests.swift */; };
		84E5F3082BBA8EAD00C859F8 /* DemoUITestsLaunchTests.swift in Sources */ = {isa = PBXBuildFile; fileRef = 84E5F3072BBA8EAD00C859F8 /* DemoUITestsLaunchTests.swift */; };
		84E5F3172BBA900800C859F8 /* YLMultiplePanGesture.swift in Sources */ = {isa = PBXBuildFile; fileRef = 84E5F3152BBA900800C859F8 /* YLMultiplePanGesture.swift */; };
		84E5F3182BBA900800C859F8 /* YL+UIcollectionView.swift in Sources */ = {isa = PBXBuildFile; fileRef = 84E5F3162BBA900800C859F8 /* YL+UIcollectionView.swift */; };
		8FCD2BE44F8C222D8571A0F6 /* Pods_Demo_DemoUITests.framework in Frameworks */ = {isa = PBXBuildFile; fileRef = 515DF6FB48D7B362D2FD87E4 /* Pods_Demo_DemoUITests.framework */; };
		A1DE467D598B242BB55CCAF2 /* Pods_DemoTests.framework in Frameworks */ = {isa = PBXBuildFile; fileRef = 9CFA033BB7335CDAE938EE95 /* Pods_DemoTests.framework */; };
		E63730F1450AFFFB7E4C29BC /* Pods_Demo.framework in Frameworks */ = {isa = PBXBuildFile; fileRef = EA46490C5272F403F25F22C9 /* Pods_Demo.framework */; };
/* End PBXBuildFile section */

/* Begin PBXContainerItemProxy section */
		84E5F2F82BBA8EAD00C859F8 /* PBXContainerItemProxy */ = {
			isa = PBXContainerItemProxy;
			containerPortal = 84E5F2D92BBA8EAC00C859F8 /* Project object */;
			proxyType = 1;
			remoteGlobalIDString = 84E5F2E02BBA8EAC00C859F8;
			remoteInfo = Demo;
		};
		84E5F3022BBA8EAD00C859F8 /* PBXContainerItemProxy */ = {
			isa = PBXContainerItemProxy;
			containerPortal = 84E5F2D92BBA8EAC00C859F8 /* Project object */;
			proxyType = 1;
			remoteGlobalIDString = 84E5F2E02BBA8EAC00C859F8;
			remoteInfo = Demo;
		};
/* End PBXContainerItemProxy section */

/* Begin PBXFileReference section */
		515DF6FB48D7B362D2FD87E4 /* Pods_Demo_DemoUITests.framework */ = {isa = PBXFileReference; explicitFileType = wrapper.framework; includeInIndex = 0; path = Pods_Demo_DemoUITests.framework; sourceTree = BUILT_PRODUCTS_DIR; };
		54B811E384C5F21DACEE46A7 /* Pods-DemoTests.debug.xcconfig */ = {isa = PBXFileReference; includeInIndex = 1; lastKnownFileType = text.xcconfig; name = "Pods-DemoTests.debug.xcconfig"; path = "Target Support Files/Pods-DemoTests/Pods-DemoTests.debug.xcconfig"; sourceTree = "<group>"; };
		77C04F557503703957263CB9 /* Pods-DemoTests.release.xcconfig */ = {isa = PBXFileReference; includeInIndex = 1; lastKnownFileType = text.xcconfig; name = "Pods-DemoTests.release.xcconfig"; path = "Target Support Files/Pods-DemoTests/Pods-DemoTests.release.xcconfig"; sourceTree = "<group>"; };
		84E5F2E12BBA8EAC00C859F8 /* Demo.app */ = {isa = PBXFileReference; explicitFileType = wrapper.application; includeInIndex = 0; path = Demo.app; sourceTree = BUILT_PRODUCTS_DIR; };
		84E5F2E42BBA8EAC00C859F8 /* AppDelegate.swift */ = {isa = PBXFileReference; lastKnownFileType = sourcecode.swift; path = AppDelegate.swift; sourceTree = "<group>"; };
		84E5F2E82BBA8EAC00C859F8 /* ViewController.swift */ = {isa = PBXFileReference; lastKnownFileType = sourcecode.swift; path = ViewController.swift; sourceTree = "<group>"; };
		84E5F2ED2BBA8EAD00C859F8 /* Assets.xcassets */ = {isa = PBXFileReference; lastKnownFileType = folder.assetcatalog; path = Assets.xcassets; sourceTree = "<group>"; };
		84E5F2F02BBA8EAD00C859F8 /* Base */ = {isa = PBXFileReference; lastKnownFileType = file.storyboard; name = Base; path = Base.lproj/LaunchScreen.storyboard; sourceTree = "<group>"; };
		84E5F2F22BBA8EAD00C859F8 /* Info.plist */ = {isa = PBXFileReference; lastKnownFileType = text.plist.xml; path = Info.plist; sourceTree = "<group>"; };
		84E5F2F72BBA8EAD00C859F8 /* DemoTests.xctest */ = {isa = PBXFileReference; explicitFileType = wrapper.cfbundle; includeInIndex = 0; path = DemoTests.xctest; sourceTree = BUILT_PRODUCTS_DIR; };
		84E5F2FB2BBA8EAD00C859F8 /* DemoTests.swift */ = {isa = PBXFileReference; lastKnownFileType = sourcecode.swift; path = DemoTests.swift; sourceTree = "<group>"; };
		84E5F3012BBA8EAD00C859F8 /* DemoUITests.xctest */ = {isa = PBXFileReference; explicitFileType = wrapper.cfbundle; includeInIndex = 0; path = DemoUITests.xctest; sourceTree = BUILT_PRODUCTS_DIR; };
		84E5F3052BBA8EAD00C859F8 /* DemoUITests.swift */ = {isa = PBXFileReference; lastKnownFileType = sourcecode.swift; path = DemoUITests.swift; sourceTree = "<group>"; };
		84E5F3072BBA8EAD00C859F8 /* DemoUITestsLaunchTests.swift */ = {isa = PBXFileReference; lastKnownFileType = sourcecode.swift; path = DemoUITestsLaunchTests.swift; sourceTree = "<group>"; };
		84E5F3152BBA900800C859F8 /* YLMultiplePanGesture.swift */ = {isa = PBXFileReference; fileEncoding = 4; lastKnownFileType = sourcecode.swift; path = YLMultiplePanGesture.swift; sourceTree = "<group>"; };
		84E5F3162BBA900800C859F8 /* YL+UIcollectionView.swift */ = {isa = PBXFileReference; fileEncoding = 4; lastKnownFileType = sourcecode.swift; path = "YL+UIcollectionView.swift"; sourceTree = "<group>"; };
		9CFA033BB7335CDAE938EE95 /* Pods_DemoTests.framework */ = {isa = PBXFileReference; explicitFileType = wrapper.framework; includeInIndex = 0; path = Pods_DemoTests.framework; sourceTree = BUILT_PRODUCTS_DIR; };
		AF9D11B03A80C25FED06FCBA /* Pods-Demo.debug.xcconfig */ = {isa = PBXFileReference; includeInIndex = 1; lastKnownFileType = text.xcconfig; name = "Pods-Demo.debug.xcconfig"; path = "Target Support Files/Pods-Demo/Pods-Demo.debug.xcconfig"; sourceTree = "<group>"; };
		C545B996E170066AD29B5CC6 /* Pods-Demo.release.xcconfig */ = {isa = PBXFileReference; includeInIndex = 1; lastKnownFileType = text.xcconfig; name = "Pods-Demo.release.xcconfig"; path = "Target Support Files/Pods-Demo/Pods-Demo.release.xcconfig"; sourceTree = "<group>"; };
		E50FA1ED16D95C0C50095A8F /* Pods-Demo-DemoUITests.release.xcconfig */ = {isa = PBXFileReference; includeInIndex = 1; lastKnownFileType = text.xcconfig; name = "Pods-Demo-DemoUITests.release.xcconfig"; path = "Target Support Files/Pods-Demo-DemoUITests/Pods-Demo-DemoUITests.release.xcconfig"; sourceTree = "<group>"; };
		EA46490C5272F403F25F22C9 /* Pods_Demo.framework */ = {isa = PBXFileReference; explicitFileType = wrapper.framework; includeInIndex = 0; path = Pods_Demo.framework; sourceTree = BUILT_PRODUCTS_DIR; };
		F603B9B28AFC3E069F265068 /* Pods-Demo-DemoUITests.debug.xcconfig */ = {isa = PBXFileReference; includeInIndex = 1; lastKnownFileType = text.xcconfig; name = "Pods-Demo-DemoUITests.debug.xcconfig"; path = "Target Support Files/Pods-Demo-DemoUITests/Pods-Demo-DemoUITests.debug.xcconfig"; sourceTree = "<group>"; };
/* End PBXFileReference section */

/* Begin PBXFrameworksBuildPhase section */
		84E5F2DE2BBA8EAC00C859F8 /* Frameworks */ = {
			isa = PBXFrameworksBuildPhase;
			buildActionMask = 2147483647;
			files = (
				E63730F1450AFFFB7E4C29BC /* Pods_Demo.framework in Frameworks */,
			);
			runOnlyForDeploymentPostprocessing = 0;
		};
		84E5F2F42BBA8EAD00C859F8 /* Frameworks */ = {
			isa = PBXFrameworksBuildPhase;
			buildActionMask = 2147483647;
			files = (
				A1DE467D598B242BB55CCAF2 /* Pods_DemoTests.framework in Frameworks */,
			);
			runOnlyForDeploymentPostprocessing = 0;
		};
		84E5F2FE2BBA8EAD00C859F8 /* Frameworks */ = {
			isa = PBXFrameworksBuildPhase;
			buildActionMask = 2147483647;
			files = (
				8FCD2BE44F8C222D8571A0F6 /* Pods_Demo_DemoUITests.framework in Frameworks */,
			);
			runOnlyForDeploymentPostprocessing = 0;
		};
/* End PBXFrameworksBuildPhase section */

/* Begin PBXGroup section */
		1F4A228D9438037A4885612D /* Frameworks */ = {
			isa = PBXGroup;
			children = (
				EA46490C5272F403F25F22C9 /* Pods_Demo.framework */,
				515DF6FB48D7B362D2FD87E4 /* Pods_Demo_DemoUITests.framework */,
				9CFA033BB7335CDAE938EE95 /* Pods_DemoTests.framework */,
			);
			name = Frameworks;
			sourceTree = "<group>";
		};
		343A4D6064183F5E39F55689 /* Pods */ = {
			isa = PBXGroup;
			children = (
				AF9D11B03A80C25FED06FCBA /* Pods-Demo.debug.xcconfig */,
				C545B996E170066AD29B5CC6 /* Pods-Demo.release.xcconfig */,
				F603B9B28AFC3E069F265068 /* Pods-Demo-DemoUITests.debug.xcconfig */,
				E50FA1ED16D95C0C50095A8F /* Pods-Demo-DemoUITests.release.xcconfig */,
				54B811E384C5F21DACEE46A7 /* Pods-DemoTests.debug.xcconfig */,
				77C04F557503703957263CB9 /* Pods-DemoTests.release.xcconfig */,
			);
			path = Pods;
			sourceTree = "<group>";
		};
		84E5F2D82BBA8EAC00C859F8 = {
			isa = PBXGroup;
			children = (
				84E5F2E32BBA8EAC00C859F8 /* Demo */,
				84E5F2FA2BBA8EAD00C859F8 /* DemoTests */,
				84E5F3042BBA8EAD00C859F8 /* DemoUITests */,
				84E5F2E22BBA8EAC00C859F8 /* Products */,
				343A4D6064183F5E39F55689 /* Pods */,
				1F4A228D9438037A4885612D /* Frameworks */,
			);
			sourceTree = "<group>";
		};
		84E5F2E22BBA8EAC00C859F8 /* Products */ = {
			isa = PBXGroup;
			children = (
				84E5F2E12BBA8EAC00C859F8 /* Demo.app */,
				84E5F2F72BBA8EAD00C859F8 /* DemoTests.xctest */,
				84E5F3012BBA8EAD00C859F8 /* DemoUITests.xctest */,
			);
			name = Products;
			sourceTree = "<group>";
		};
		84E5F2E32BBA8EAC00C859F8 /* Demo */ = {
			isa = PBXGroup;
			children = (
				84E5F3142BBA900800C859F8 /* Resource */,
				84E5F2E42BBA8EAC00C859F8 /* AppDelegate.swift */,
				84E5F2E82BBA8EAC00C859F8 /* ViewController.swift */,
				84E5F2ED2BBA8EAD00C859F8 /* Assets.xcassets */,
				84E5F2EF2BBA8EAD00C859F8 /* LaunchScreen.storyboard */,
				84E5F2F22BBA8EAD00C859F8 /* Info.plist */,
			);
			path = Demo;
			sourceTree = "<group>";
		};
		84E5F2FA2BBA8EAD00C859F8 /* DemoTests */ = {
			isa = PBXGroup;
			children = (
				84E5F2FB2BBA8EAD00C859F8 /* DemoTests.swift */,
			);
			path = DemoTests;
			sourceTree = "<group>";
		};
		84E5F3042BBA8EAD00C859F8 /* DemoUITests */ = {
			isa = PBXGroup;
			children = (
				84E5F3052BBA8EAD00C859F8 /* DemoUITests.swift */,
				84E5F3072BBA8EAD00C859F8 /* DemoUITestsLaunchTests.swift */,
			);
			path = DemoUITests;
			sourceTree = "<group>";
		};
		84E5F3142BBA900800C859F8 /* Resource */ = {
			isa = PBXGroup;
			children = (
				84E5F3152BBA900800C859F8 /* YLMultiplePanGesture.swift */,
				84E5F3162BBA900800C859F8 /* YL+UIcollectionView.swift */,
			);
			path = Resource;
			sourceTree = "<group>";
		};
/* End PBXGroup section */

/* Begin PBXNativeTarget section */
		84E5F2E02BBA8EAC00C859F8 /* Demo */ = {
			isa = PBXNativeTarget;
			buildConfigurationList = 84E5F30B2BBA8EAD00C859F8 /* Build configuration list for PBXNativeTarget "Demo" */;
			buildPhases = (
				20ECDC8E15BBBE593F7368B6 /* [CP] Check Pods Manifest.lock */,
				84E5F2DD2BBA8EAC00C859F8 /* Sources */,
				84E5F2DE2BBA8EAC00C859F8 /* Frameworks */,
				84E5F2DF2BBA8EAC00C859F8 /* Resources */,
				1019B475C27ED2CE9E50FA6C /* [CP] Embed Pods Frameworks */,
			);
			buildRules = (
			);
			dependencies = (
			);
			name = Demo;
			productName = Demo;
			productReference = 84E5F2E12BBA8EAC00C859F8 /* Demo.app */;
			productType = "com.apple.product-type.application";
		};
		84E5F2F62BBA8EAD00C859F8 /* DemoTests */ = {
			isa = PBXNativeTarget;
			buildConfigurationList = 84E5F30E2BBA8EAD00C859F8 /* Build configuration list for PBXNativeTarget "DemoTests" */;
			buildPhases = (
				B7C2CEE5AE42664693EC5AA2 /* [CP] Check Pods Manifest.lock */,
				84E5F2F32BBA8EAD00C859F8 /* Sources */,
				84E5F2F42BBA8EAD00C859F8 /* Frameworks */,
				84E5F2F52BBA8EAD00C859F8 /* Resources */,
			);
			buildRules = (
			);
			dependencies = (
				84E5F2F92BBA8EAD00C859F8 /* PBXTargetDependency */,
			);
			name = DemoTests;
			productName = DemoTests;
			productReference = 84E5F2F72BBA8EAD00C859F8 /* DemoTests.xctest */;
			productType = "com.apple.product-type.bundle.unit-test";
		};
		84E5F3002BBA8EAD00C859F8 /* DemoUITests */ = {
			isa = PBXNativeTarget;
			buildConfigurationList = 84E5F3112BBA8EAD00C859F8 /* Build configuration list for PBXNativeTarget "DemoUITests" */;
			buildPhases = (
				669FB1A76A4D598E717A31EB /* [CP] Check Pods Manifest.lock */,
				84E5F2FD2BBA8EAD00C859F8 /* Sources */,
				84E5F2FE2BBA8EAD00C859F8 /* Frameworks */,
				84E5F2FF2BBA8EAD00C859F8 /* Resources */,
				9AE341CE2082E670163A08B0 /* [CP] Embed Pods Frameworks */,
			);
			buildRules = (
			);
			dependencies = (
				84E5F3032BBA8EAD00C859F8 /* PBXTargetDependency */,
			);
			name = DemoUITests;
			productName = DemoUITests;
			productReference = 84E5F3012BBA8EAD00C859F8 /* DemoUITests.xctest */;
			productType = "com.apple.product-type.bundle.ui-testing";
		};
/* End PBXNativeTarget section */

/* Begin PBXProject section */
		84E5F2D92BBA8EAC00C859F8 /* Project object */ = {
			isa = PBXProject;
			attributes = {
				BuildIndependentTargetsInParallel = 1;
				LastSwiftUpdateCheck = 1500;
				LastUpgradeCheck = 1500;
				TargetAttributes = {
					84E5F2E02BBA8EAC00C859F8 = {
						CreatedOnToolsVersion = 15.0.1;
					};
					84E5F2F62BBA8EAD00C859F8 = {
						CreatedOnToolsVersion = 15.0.1;
						TestTargetID = 84E5F2E02BBA8EAC00C859F8;
					};
					84E5F3002BBA8EAD00C859F8 = {
						CreatedOnToolsVersion = 15.0.1;
						TestTargetID = 84E5F2E02BBA8EAC00C859F8;
					};
				};
			};
			buildConfigurationList = 84E5F2DC2BBA8EAC00C859F8 /* Build configuration list for PBXProject "Demo" */;
			compatibilityVersion = "Xcode 14.0";
			developmentRegion = en;
			hasScannedForEncodings = 0;
			knownRegions = (
				en,
				Base,
			);
			mainGroup = 84E5F2D82BBA8EAC00C859F8;
			productRefGroup = 84E5F2E22BBA8EAC00C859F8 /* Products */;
			projectDirPath = "";
			projectRoot = "";
			targets = (
				84E5F2E02BBA8EAC00C859F8 /* Demo */,
				84E5F2F62BBA8EAD00C859F8 /* DemoTests */,
				84E5F3002BBA8EAD00C859F8 /* DemoUITests */,
			);
		};
/* End PBXProject section */

/* Begin PBXResourcesBuildPhase section */
		84E5F2DF2BBA8EAC00C859F8 /* Resources */ = {
			isa = PBXResourcesBuildPhase;
			buildActionMask = 2147483647;
			files = (
				84E5F2F12BBA8EAD00C859F8 /* LaunchScreen.storyboard in Resources */,
				84E5F2EE2BBA8EAD00C859F8 /* Assets.xcassets in Resources */,
			);
			runOnlyForDeploymentPostprocessing = 0;
		};
		84E5F2F52BBA8EAD00C859F8 /* Resources */ = {
			isa = PBXResourcesBuildPhase;
			buildActionMask = 2147483647;
			files = (
			);
			runOnlyForDeploymentPostprocessing = 0;
		};
		84E5F2FF2BBA8EAD00C859F8 /* Resources */ = {
			isa = PBXResourcesBuildPhase;
			buildActionMask = 2147483647;
			files = (
			);
			runOnlyForDeploymentPostprocessing = 0;
		};
/* End PBXResourcesBuildPhase section */

/* Begin PBXShellScriptBuildPhase section */
		1019B475C27ED2CE9E50FA6C /* [CP] Embed Pods Frameworks */ = {
			isa = PBXShellScriptBuildPhase;
			buildActionMask = 2147483647;
			files = (
			);
			inputFileListPaths = (
				"${PODS_ROOT}/Target Support Files/Pods-Demo/Pods-Demo-frameworks-${CONFIGURATION}-input-files.xcfilelist",
			);
			name = "[CP] Embed Pods Frameworks";
			outputFileListPaths = (
				"${PODS_ROOT}/Target Support Files/Pods-Demo/Pods-Demo-frameworks-${CONFIGURATION}-output-files.xcfilelist",
			);
			runOnlyForDeploymentPostprocessing = 0;
			shellPath = /bin/sh;
			shellScript = "\"${PODS_ROOT}/Target Support Files/Pods-Demo/Pods-Demo-frameworks.sh\"\n";
			showEnvVarsInLog = 0;
		};
		20ECDC8E15BBBE593F7368B6 /* [CP] Check Pods Manifest.lock */ = {
			isa = PBXShellScriptBuildPhase;
			buildActionMask = 2147483647;
			files = (
			);
			inputFileListPaths = (
			);
			inputPaths = (
				"${PODS_PODFILE_DIR_PATH}/Podfile.lock",
				"${PODS_ROOT}/Manifest.lock",
			);
			name = "[CP] Check Pods Manifest.lock";
			outputFileListPaths = (
			);
			outputPaths = (
				"$(DERIVED_FILE_DIR)/Pods-Demo-checkManifestLockResult.txt",
			);
			runOnlyForDeploymentPostprocessing = 0;
			shellPath = /bin/sh;
			shellScript = "diff \"${PODS_PODFILE_DIR_PATH}/Podfile.lock\" \"${PODS_ROOT}/Manifest.lock\" > /dev/null\nif [ $? != 0 ] ; then\n    # print error to STDERR\n    echo \"error: The sandbox is not in sync with the Podfile.lock. Run 'pod install' or update your CocoaPods installation.\" >&2\n    exit 1\nfi\n# This output is used by Xcode 'outputs' to avoid re-running this script phase.\necho \"SUCCESS\" > \"${SCRIPT_OUTPUT_FILE_0}\"\n";
			showEnvVarsInLog = 0;
		};
		669FB1A76A4D598E717A31EB /* [CP] Check Pods Manifest.lock */ = {
			isa = PBXShellScriptBuildPhase;
			buildActionMask = 2147483647;
			files = (
			);
			inputFileListPaths = (
			);
			inputPaths = (
				"${PODS_PODFILE_DIR_PATH}/Podfile.lock",
				"${PODS_ROOT}/Manifest.lock",
			);
			name = "[CP] Check Pods Manifest.lock";
			outputFileListPaths = (
			);
			outputPaths = (
				"$(DERIVED_FILE_DIR)/Pods-Demo-DemoUITests-checkManifestLockResult.txt",
			);
			runOnlyForDeploymentPostprocessing = 0;
			shellPath = /bin/sh;
			shellScript = "diff \"${PODS_PODFILE_DIR_PATH}/Podfile.lock\" \"${PODS_ROOT}/Manifest.lock\" > /dev/null\nif [ $? != 0 ] ; then\n    # print error to STDERR\n    echo \"error: The sandbox is not in sync with the Podfile.lock. Run 'pod install' or update your CocoaPods installation.\" >&2\n    exit 1\nfi\n# This output is used by Xcode 'outputs' to avoid re-running this script phase.\necho \"SUCCESS\" > \"${SCRIPT_OUTPUT_FILE_0}\"\n";
			showEnvVarsInLog = 0;
		};
		9AE341CE2082E670163A08B0 /* [CP] Embed Pods Frameworks */ = {
			isa = PBXShellScriptBuildPhase;
			buildActionMask = 2147483647;
			files = (
			);
			inputFileListPaths = (
				"${PODS_ROOT}/Target Support Files/Pods-Demo-DemoUITests/Pods-Demo-DemoUITests-frameworks-${CONFIGURATION}-input-files.xcfilelist",
			);
			name = "[CP] Embed Pods Frameworks";
			outputFileListPaths = (
				"${PODS_ROOT}/Target Support Files/Pods-Demo-DemoUITests/Pods-Demo-DemoUITests-frameworks-${CONFIGURATION}-output-files.xcfilelist",
			);
			runOnlyForDeploymentPostprocessing = 0;
			shellPath = /bin/sh;
			shellScript = "\"${PODS_ROOT}/Target Support Files/Pods-Demo-DemoUITests/Pods-Demo-DemoUITests-frameworks.sh\"\n";
			showEnvVarsInLog = 0;
		};
		B7C2CEE5AE42664693EC5AA2 /* [CP] Check Pods Manifest.lock */ = {
			isa = PBXShellScriptBuildPhase;
			buildActionMask = 2147483647;
			files = (
			);
			inputFileListPaths = (
			);
			inputPaths = (
				"${PODS_PODFILE_DIR_PATH}/Podfile.lock",
				"${PODS_ROOT}/Manifest.lock",
			);
			name = "[CP] Check Pods Manifest.lock";
			outputFileListPaths = (
			);
			outputPaths = (
				"$(DERIVED_FILE_DIR)/Pods-DemoTests-checkManifestLockResult.txt",
			);
			runOnlyForDeploymentPostprocessing = 0;
			shellPath = /bin/sh;
			shellScript = "diff \"${PODS_PODFILE_DIR_PATH}/Podfile.lock\" \"${PODS_ROOT}/Manifest.lock\" > /dev/null\nif [ $? != 0 ] ; then\n    # print error to STDERR\n    echo \"error: The sandbox is not in sync with the Podfile.lock. Run 'pod install' or update your CocoaPods installation.\" >&2\n    exit 1\nfi\n# This output is used by Xcode 'outputs' to avoid re-running this script phase.\necho \"SUCCESS\" > \"${SCRIPT_OUTPUT_FILE_0}\"\n";
			showEnvVarsInLog = 0;
		};
/* End PBXShellScriptBuildPhase section */

/* Begin PBXSourcesBuildPhase section */
		84E5F2DD2BBA8EAC00C859F8 /* Sources */ = {
			isa = PBXSourcesBuildPhase;
			buildActionMask = 2147483647;
			files = (
				84E5F2E92BBA8EAC00C859F8 /* ViewController.swift in Sources */,
				84E5F3182BBA900800C859F8 /* YL+UIcollectionView.swift in Sources */,
				84E5F3172BBA900800C859F8 /* YLMultiplePanGesture.swift in Sources */,
				84E5F2E52BBA8EAC00C859F8 /* AppDelegate.swift in Sources */,
			);
			runOnlyForDeploymentPostprocessing = 0;
		};
		84E5F2F32BBA8EAD00C859F8 /* Sources */ = {
			isa = PBXSourcesBuildPhase;
			buildActionMask = 2147483647;
			files = (
				84E5F2FC2BBA8EAD00C859F8 /* DemoTests.swift in Sources */,
			);
			runOnlyForDeploymentPostprocessing = 0;
		};
		84E5F2FD2BBA8EAD00C859F8 /* Sources */ = {
			isa = PBXSourcesBuildPhase;
			buildActionMask = 2147483647;
			files = (
				84E5F3062BBA8EAD00C859F8 /* DemoUITests.swift in Sources */,
				84E5F3082BBA8EAD00C859F8 /* DemoUITestsLaunchTests.swift in Sources */,
			);
			runOnlyForDeploymentPostprocessing = 0;
		};
/* End PBXSourcesBuildPhase section */

/* Begin PBXTargetDependency section */
		84E5F2F92BBA8EAD00C859F8 /* PBXTargetDependency */ = {
			isa = PBXTargetDependency;
			target = 84E5F2E02BBA8EAC00C859F8 /* Demo */;
			targetProxy = 84E5F2F82BBA8EAD00C859F8 /* PBXContainerItemProxy */;
		};
		84E5F3032BBA8EAD00C859F8 /* PBXTargetDependency */ = {
			isa = PBXTargetDependency;
			target = 84E5F2E02BBA8EAC00C859F8 /* Demo */;
			targetProxy = 84E5F3022BBA8EAD00C859F8 /* PBXContainerItemProxy */;
		};
/* End PBXTargetDependency section */

/* Begin PBXVariantGroup section */
		84E5F2EF2BBA8EAD00C859F8 /* LaunchScreen.storyboard */ = {
			isa = PBXVariantGroup;
			children = (
				84E5F2F02BBA8EAD00C859F8 /* Base */,
			);
			name = LaunchScreen.storyboard;
			sourceTree = "<group>";
		};
/* End PBXVariantGroup section */

/* Begin XCBuildConfiguration section */
		84E5F3092BBA8EAD00C859F8 /* Debug */ = {
			isa = XCBuildConfiguration;
			buildSettings = {
				ALWAYS_SEARCH_USER_PATHS = NO;
				ASSETCATALOG_COMPILER_GENERATE_SWIFT_ASSET_SYMBOL_EXTENSIONS = YES;
				CLANG_ANALYZER_NONNULL = YES;
				CLANG_ANALYZER_NUMBER_OBJECT_CONVERSION = YES_AGGRESSIVE;
				CLANG_CXX_LANGUAGE_STANDARD = "gnu++20";
				CLANG_ENABLE_MODULES = YES;
				CLANG_ENABLE_OBJC_ARC = YES;
				CLANG_ENABLE_OBJC_WEAK = YES;
				CLANG_WARN_BLOCK_CAPTURE_AUTORELEASING = YES;
				CLANG_WARN_BOOL_CONVERSION = YES;
				CLANG_WARN_COMMA = YES;
				CLANG_WARN_CONSTANT_CONVERSION = YES;
				CLANG_WARN_DEPRECATED_OBJC_IMPLEMENTATIONS = YES;
				CLANG_WARN_DIRECT_OBJC_ISA_USAGE = YES_ERROR;
				CLANG_WARN_DOCUMENTATION_COMMENTS = YES;
				CLANG_WARN_EMPTY_BODY = YES;
				CLANG_WARN_ENUM_CONVERSION = YES;
				CLANG_WARN_INFINITE_RECURSION = YES;
				CLANG_WARN_INT_CONVERSION = YES;
				CLANG_WARN_NON_LITERAL_NULL_CONVERSION = YES;
				CLANG_WARN_OBJC_IMPLICIT_RETAIN_SELF = YES;
				CLANG_WARN_OBJC_LITERAL_CONVERSION = YES;
				CLANG_WARN_OBJC_ROOT_CLASS = YES_ERROR;
				CLANG_WARN_QUOTED_INCLUDE_IN_FRAMEWORK_HEADER = YES;
				CLANG_WARN_RANGE_LOOP_ANALYSIS = YES;
				CLANG_WARN_STRICT_PROTOTYPES = YES;
				CLANG_WARN_SUSPICIOUS_MOVE = YES;
				CLANG_WARN_UNGUARDED_AVAILABILITY = YES_AGGRESSIVE;
				CLANG_WARN_UNREACHABLE_CODE = YES;
				CLANG_WARN__DUPLICATE_METHOD_MATCH = YES;
				COPY_PHASE_STRIP = NO;
				DEBUG_INFORMATION_FORMAT = dwarf;
				ENABLE_STRICT_OBJC_MSGSEND = YES;
				ENABLE_TESTABILITY = YES;
				ENABLE_USER_SCRIPT_SANDBOXING = YES;
				GCC_C_LANGUAGE_STANDARD = gnu17;
				GCC_DYNAMIC_NO_PIC = NO;
				GCC_NO_COMMON_BLOCKS = YES;
				GCC_OPTIMIZATION_LEVEL = 0;
				GCC_PREPROCESSOR_DEFINITIONS = (
					"DEBUG=1",
					"$(inherited)",
				);
				GCC_WARN_64_TO_32_BIT_CONVERSION = YES;
				GCC_WARN_ABOUT_RETURN_TYPE = YES_ERROR;
				GCC_WARN_UNDECLARED_SELECTOR = YES;
				GCC_WARN_UNINITIALIZED_AUTOS = YES_AGGRESSIVE;
				GCC_WARN_UNUSED_FUNCTION = YES;
				GCC_WARN_UNUSED_VARIABLE = YES;
				IPHONEOS_DEPLOYMENT_TARGET = 12.0;
				LOCALIZATION_PREFERS_STRING_CATALOGS = YES;
				MTL_ENABLE_DEBUG_INFO = INCLUDE_SOURCE;
				MTL_FAST_MATH = YES;
				ONLY_ACTIVE_ARCH = YES;
				SDKROOT = iphoneos;
				SWIFT_ACTIVE_COMPILATION_CONDITIONS = "DEBUG $(inherited)";
				SWIFT_OPTIMIZATION_LEVEL = "-Onone";
			};
			name = Debug;
		};
		84E5F30A2BBA8EAD00C859F8 /* Release */ = {
			isa = XCBuildConfiguration;
			buildSettings = {
				ALWAYS_SEARCH_USER_PATHS = NO;
				ASSETCATALOG_COMPILER_GENERATE_SWIFT_ASSET_SYMBOL_EXTENSIONS = YES;
				CLANG_ANALYZER_NONNULL = YES;
				CLANG_ANALYZER_NUMBER_OBJECT_CONVERSION = YES_AGGRESSIVE;
				CLANG_CXX_LANGUAGE_STANDARD = "gnu++20";
				CLANG_ENABLE_MODULES = YES;
				CLANG_ENABLE_OBJC_ARC = YES;
				CLANG_ENABLE_OBJC_WEAK = YES;
				CLANG_WARN_BLOCK_CAPTURE_AUTORELEASING = YES;
				CLANG_WARN_BOOL_CONVERSION = YES;
				CLANG_WARN_COMMA = YES;
				CLANG_WARN_CONSTANT_CONVERSION = YES;
				CLANG_WARN_DEPRECATED_OBJC_IMPLEMENTATIONS = YES;
				CLANG_WARN_DIRECT_OBJC_ISA_USAGE = YES_ERROR;
				CLANG_WARN_DOCUMENTATION_COMMENTS = YES;
				CLANG_WARN_EMPTY_BODY = YES;
				CLANG_WARN_ENUM_CONVERSION = YES;
				CLANG_WARN_INFINITE_RECURSION = YES;
				CLANG_WARN_INT_CONVERSION = YES;
				CLANG_WARN_NON_LITERAL_NULL_CONVERSION = YES;
				CLANG_WARN_OBJC_IMPLICIT_RETAIN_SELF = YES;
				CLANG_WARN_OBJC_LITERAL_CONVERSION = YES;
				CLANG_WARN_OBJC_ROOT_CLASS = YES_ERROR;
				CLANG_WARN_QUOTED_INCLUDE_IN_FRAMEWORK_HEADER = YES;
				CLANG_WARN_RANGE_LOOP_ANALYSIS = YES;
				CLANG_WARN_STRICT_PROTOTYPES = YES;
				CLANG_WARN_SUSPICIOUS_MOVE = YES;
				CLANG_WARN_UNGUARDED_AVAILABILITY = YES_AGGRESSIVE;
				CLANG_WARN_UNREACHABLE_CODE = YES;
				CLANG_WARN__DUPLICATE_METHOD_MATCH = YES;
				COPY_PHASE_STRIP = NO;
				DEBUG_INFORMATION_FORMAT = "dwarf-with-dsym";
				ENABLE_NS_ASSERTIONS = NO;
				ENABLE_STRICT_OBJC_MSGSEND = YES;
				ENABLE_USER_SCRIPT_SANDBOXING = YES;
				GCC_C_LANGUAGE_STANDARD = gnu17;
				GCC_NO_COMMON_BLOCKS = YES;
				GCC_WARN_64_TO_32_BIT_CONVERSION = YES;
				GCC_WARN_ABOUT_RETURN_TYPE = YES_ERROR;
				GCC_WARN_UNDECLARED_SELECTOR = YES;
				GCC_WARN_UNINITIALIZED_AUTOS = YES_AGGRESSIVE;
				GCC_WARN_UNUSED_FUNCTION = YES;
				GCC_WARN_UNUSED_VARIABLE = YES;
				IPHONEOS_DEPLOYMENT_TARGET = 12.0;
				LOCALIZATION_PREFERS_STRING_CATALOGS = YES;
				MTL_ENABLE_DEBUG_INFO = NO;
				MTL_FAST_MATH = YES;
				SDKROOT = iphoneos;
				SWIFT_COMPILATION_MODE = wholemodule;
				VALIDATE_PRODUCT = YES;
			};
			name = Release;
		};
		84E5F30C2BBA8EAD00C859F8 /* Debug */ = {
			isa = XCBuildConfiguration;
			baseConfigurationReference = AF9D11B03A80C25FED06FCBA /* Pods-Demo.debug.xcconfig */;
			buildSettings = {
				ASSETCATALOG_COMPILER_APPICON_NAME = AppIcon;
				ASSETCATALOG_COMPILER_GLOBAL_ACCENT_COLOR_NAME = AccentColor;
				CODE_SIGN_STYLE = Automatic;
				CURRENT_PROJECT_VERSION = 1;
				DEVELOPMENT_TEAM = JFRHS2R5L6;
				ENABLE_USER_SCRIPT_SANDBOXING = NO;
				GENERATE_INFOPLIST_FILE = YES;
				INFOPLIST_FILE = Demo/Info.plist;
				INFOPLIST_KEY_UIApplicationSupportsIndirectInputEvents = YES;
				INFOPLIST_KEY_UILaunchStoryboardName = LaunchScreen;
				INFOPLIST_KEY_UIRequiresFullScreen = YES;
				INFOPLIST_KEY_UISupportedInterfaceOrientations = UIInterfaceOrientationPortrait;
				IPHONEOS_DEPLOYMENT_TARGET = 12.0;
				LD_RUNPATH_SEARCH_PATHS = (
					"$(inherited)",
					"@executable_path/Frameworks",
				);
				MARKETING_VERSION = 1.0;
				PRODUCT_BUNDLE_IDENTIFIER = com.david.remote;
				PRODUCT_NAME = "$(TARGET_NAME)";
				SUPPORTED_PLATFORMS = "iphoneos iphonesimulator";
				SUPPORTS_MACCATALYST = NO;
				SUPPORTS_MAC_DESIGNED_FOR_IPHONE_IPAD = NO;
				SWIFT_EMIT_LOC_STRINGS = YES;
				SWIFT_VERSION = 5.0;
				TARGETED_DEVICE_FAMILY = "1,2";
			};
			name = Debug;
		};
		84E5F30D2BBA8EAD00C859F8 /* Release */ = {
			isa = XCBuildConfiguration;
			baseConfigurationReference = C545B996E170066AD29B5CC6 /* Pods-Demo.release.xcconfig */;
			buildSettings = {
				ASSETCATALOG_COMPILER_APPICON_NAME = AppIcon;
				ASSETCATALOG_COMPILER_GLOBAL_ACCENT_COLOR_NAME = AccentColor;
				CODE_SIGN_STYLE = Automatic;
				CURRENT_PROJECT_VERSION = 1;
				DEVELOPMENT_TEAM = JFRHS2R5L6;
				ENABLE_USER_SCRIPT_SANDBOXING = NO;
				GENERATE_INFOPLIST_FILE = YES;
				INFOPLIST_FILE = Demo/Info.plist;
				INFOPLIST_KEY_UIApplicationSupportsIndirectInputEvents = YES;
				INFOPLIST_KEY_UILaunchStoryboardName = LaunchScreen;
				INFOPLIST_KEY_UIRequiresFullScreen = YES;
				INFOPLIST_KEY_UISupportedInterfaceOrientations = UIInterfaceOrientationPortrait;
				IPHONEOS_DEPLOYMENT_TARGET = 12.0;
				LD_RUNPATH_SEARCH_PATHS = (
					"$(inherited)",
					"@executable_path/Frameworks",
				);
				MARKETING_VERSION = 1.0;
				PRODUCT_BUNDLE_IDENTIFIER = com.david.remote;
				PRODUCT_NAME = "$(TARGET_NAME)";
				SUPPORTED_PLATFORMS = "iphoneos iphonesimulator";
				SUPPORTS_MACCATALYST = NO;
				SUPPORTS_MAC_DESIGNED_FOR_IPHONE_IPAD = NO;
				SWIFT_EMIT_LOC_STRINGS = YES;
				SWIFT_VERSION = 5.0;
				TARGETED_DEVICE_FAMILY = "1,2";
			};
			name = Release;
		};
		84E5F30F2BBA8EAD00C859F8 /* Debug */ = {
			isa = XCBuildConfiguration;
			baseConfigurationReference = 54B811E384C5F21DACEE46A7 /* Pods-DemoTests.debug.xcconfig */;
			buildSettings = {
				ALWAYS_EMBED_SWIFT_STANDARD_LIBRARIES = YES;
				BUNDLE_LOADER = "$(TEST_HOST)";
				CODE_SIGN_STYLE = Automatic;
				CURRENT_PROJECT_VERSION = 1;
				DEVELOPMENT_TEAM = JFRHS2R5L6;
				GENERATE_INFOPLIST_FILE = YES;
				IPHONEOS_DEPLOYMENT_TARGET = 17.0;
				MARKETING_VERSION = 1.0;
				PRODUCT_BUNDLE_IDENTIFIER = com.david.remote.DemoTests;
				PRODUCT_NAME = "$(TARGET_NAME)";
				SWIFT_EMIT_LOC_STRINGS = NO;
				SWIFT_VERSION = 5.0;
				TARGETED_DEVICE_FAMILY = "1,2";
				TEST_HOST = "$(BUILT_PRODUCTS_DIR)/Demo.app/$(BUNDLE_EXECUTABLE_FOLDER_PATH)/Demo";
			};
			name = Debug;
		};
		84E5F3102BBA8EAD00C859F8 /* Release */ = {
			isa = XCBuildConfiguration;
			baseConfigurationReference = 77C04F557503703957263CB9 /* Pods-DemoTests.release.xcconfig */;
			buildSettings = {
				ALWAYS_EMBED_SWIFT_STANDARD_LIBRARIES = YES;
				BUNDLE_LOADER = "$(TEST_HOST)";
				CODE_SIGN_STYLE = Automatic;
				CURRENT_PROJECT_VERSION = 1;
				DEVELOPMENT_TEAM = JFRHS2R5L6;
				GENERATE_INFOPLIST_FILE = YES;
				IPHONEOS_DEPLOYMENT_TARGET = 17.0;
				MARKETING_VERSION = 1.0;
				PRODUCT_BUNDLE_IDENTIFIER = com.david.remote.DemoTests;
				PRODUCT_NAME = "$(TARGET_NAME)";
				SWIFT_EMIT_LOC_STRINGS = NO;
				SWIFT_VERSION = 5.0;
				TARGETED_DEVICE_FAMILY = "1,2";
				TEST_HOST = "$(BUILT_PRODUCTS_DIR)/Demo.app/$(BUNDLE_EXECUTABLE_FOLDER_PATH)/Demo";
			};
			name = Release;
		};
		84E5F3122BBA8EAD00C859F8 /* Debug */ = {
			isa = XCBuildConfiguration;
			baseConfigurationReference = F603B9B28AFC3E069F265068 /* Pods-Demo-DemoUITests.debug.xcconfig */;
			buildSettings = {
				ALWAYS_EMBED_SWIFT_STANDARD_LIBRARIES = YES;
				CODE_SIGN_STYLE = Automatic;
				CURRENT_PROJECT_VERSION = 1;
				DEVELOPMENT_TEAM = JFRHS2R5L6;
				GENERATE_INFOPLIST_FILE = YES;
				MARKETING_VERSION = 1.0;
				PRODUCT_BUNDLE_IDENTIFIER = com.david.remote.DemoUITests;
				PRODUCT_NAME = "$(TARGET_NAME)";
				SWIFT_EMIT_LOC_STRINGS = NO;
				SWIFT_VERSION = 5.0;
				TARGETED_DEVICE_FAMILY = "1,2";
				TEST_TARGET_NAME = Demo;
			};
			name = Debug;
		};
		84E5F3132BBA8EAD00C859F8 /* Release */ = {
			isa = XCBuildConfiguration;
			baseConfigurationReference = E50FA1ED16D95C0C50095A8F /* Pods-Demo-DemoUITests.release.xcconfig */;
			buildSettings = {
				ALWAYS_EMBED_SWIFT_STANDARD_LIBRARIES = YES;
				CODE_SIGN_STYLE = Automatic;
				CURRENT_PROJECT_VERSION = 1;
				DEVELOPMENT_TEAM = JFRHS2R5L6;
				GENERATE_INFOPLIST_FILE = YES;
				MARKETING_VERSION = 1.0;
				PRODUCT_BUNDLE_IDENTIFIER = com.david.remote.DemoUITests;
				PRODUCT_NAME = "$(TARGET_NAME)";
				SWIFT_EMIT_LOC_STRINGS = NO;
				SWIFT_VERSION = 5.0;
				TARGETED_DEVICE_FAMILY = "1,2";
				TEST_TARGET_NAME = Demo;
			};
			name = Release;
		};
/* End XCBuildConfiguration section */

/* Begin XCConfigurationList section */
		84E5F2DC2BBA8EAC00C859F8 /* Build configuration list for PBXProject "Demo" */ = {
			isa = XCConfigurationList;
			buildConfigurations = (
				84E5F3092BBA8EAD00C859F8 /* Debug */,
				84E5F30A2BBA8EAD00C859F8 /* Release */,
			);
			defaultConfigurationIsVisible = 0;
			defaultConfigurationName = Release;
		};
		84E5F30B2BBA8EAD00C859F8 /* Build configuration list for PBXNativeTarget "Demo" */ = {
			isa = XCConfigurationList;
			buildConfigurations = (
				84E5F30C2BBA8EAD00C859F8 /* Debug */,
				84E5F30D2BBA8EAD00C859F8 /* Release */,
			);
			defaultConfigurationIsVisible = 0;
			defaultConfigurationName = Release;
		};
		84E5F30E2BBA8EAD00C859F8 /* Build configuration list for PBXNativeTarget "DemoTests" */ = {
			isa = XCConfigurationList;
			buildConfigurations = (
				84E5F30F2BBA8EAD00C859F8 /* Debug */,
				84E5F3102BBA8EAD00C859F8 /* Release */,
			);
			defaultConfigurationIsVisible = 0;
			defaultConfigurationName = Release;
		};
		84E5F3112BBA8EAD00C859F8 /* Build configuration list for PBXNativeTarget "DemoUITests" */ = {
			isa = XCConfigurationList;
			buildConfigurations = (
				84E5F3122BBA8EAD00C859F8 /* Debug */,
				84E5F3132BBA8EAD00C859F8 /* Release */,
			);
			defaultConfigurationIsVisible = 0;
			defaultConfigurationName = Release;
		};
/* End XCConfigurationList section */
	};
	rootObject = 84E5F2D92BBA8EAC00C859F8 /* Project object */;
}
